{
  "name": "vue-preview",
  "version": "1.0.0",
  "lockfileVersion": 1,
  "requires": true,
  "dependencies": {
    "@types/vscode": {
      "version": "1.38.0",
      "resolved": "https://registry.npmjs.org/@types/vscode/-/vscode-1.38.0.tgz",
      "integrity": "sha512-aGo8LQ4J1YF0T9ORuCO+bhQ5sGR1MXa7VOyOdEP685se3wyQWYUExcdiDi6rvaK61KUwfzzA19JRLDrUbDl7BQ==",
      "dev": true
    },
    "typescript": {
      "version": "3.7.0-dev.20191009",
      "resolved": "https://registry.npmjs.org/typescript/-/typescript-3.7.0-dev.20191009.tgz",
      "integrity": "sha512-Vk/wZedTpVd3QAhr3mG1+sbUHcpJ1wfw49Wo1NCQvzMa0vHCJeocEwWzaV2yWprsuuFv4+e8tjCj1Vnme2CMHg==",
      "dev": true
    }
  }
}
