{
	"name": "vue-preview",
	"version": "1.0.0",
	"lockfileVersion": 1,
	"requires": true,
	"dependencies": {
		"@types/vscode": {
			"version": "1.38.0",
			"resolved": "https://registry.npmjs.org/@types/vscode/-/vscode-1.38.0.tgz",
			"integrity": "sha512-aGo8LQ4J1YF0T9ORuCO+bhQ5sGR1MXa7VOyOdEP685se3wyQWYUExcdiDi6rvaK61KUwfzzA19JRLDrUbDl7BQ==",
			"dev": true
		},
		"@vue/component-compiler-utils": {
			"version": "3.0.0",
			"resolved": "https://registry.npmjs.org/@vue/component-compiler-utils/-/component-compiler-utils-3.0.0.tgz",
			"integrity": "sha512-am+04/0UX7ektcmvhYmrf84BDVAD8afFOf4asZjN84q8xzxFclbk5x0MtxuKGfp+zjN5WWPJn3fjFAWtDdIGSw==",
			"requires": {
				"consolidate": "^0.15.1",
				"hash-sum": "^1.0.2",
				"lru-cache": "^4.1.2",
				"merge-source-map": "^1.1.0",
				"postcss": "^7.0.14",
				"postcss-selector-parser": "^5.0.0",
				"prettier": "1.16.3",
				"source-map": "~0.6.1",
				"vue-template-es2015-compiler": "^1.9.0"
			}
		},
		"ansi-styles": {
			"version": "3.2.1",
			"resolved": "https://registry.npmjs.org/ansi-styles/-/ansi-styles-3.2.1.tgz",
			"integrity": "sha512-VT0ZI6kZRdTh8YyJw3SMbYm/u+NqfsAxEpWO0Pf9sq8/e94WxxOpPKx9FR1FlyCtOVDNOQ+8ntlqFxiRc+r5qA==",
			"requires": {
				"color-convert": "^1.9.0"
			}
		},
		"bluebird": {
			"version": "3.7.0",
			"resolved": "https://registry.npmjs.org/bluebird/-/bluebird-3.7.0.tgz",
			"integrity": "sha512-aBQ1FxIa7kSWCcmKHlcHFlT2jt6J/l4FzC7KcPELkOJOsPOb/bccdhmIrKDfXhwFrmc7vDoDrrepFvGqjyXGJg=="
		},
		"chalk": {
			"version": "2.4.2",
			"resolved": "https://registry.npmjs.org/chalk/-/chalk-2.4.2.tgz",
			"integrity": "sha512-Mti+f9lpJNcwF4tWV8/OrTTtF1gZi+f8FqlyAdouralcFWFQWF2+NgCHShjkCb+IFBLq9buZwE1xckQU4peSuQ==",
			"requires": {
				"ansi-styles": "^3.2.1",
				"escape-string-regexp": "^1.0.5",
				"supports-color": "^5.3.0"
			},
			"dependencies": {
				"supports-color": {
					"version": "5.5.0",
					"resolved": "https://registry.npmjs.org/supports-color/-/supports-color-5.5.0.tgz",
					"integrity": "sha512-QjVjwdXIt408MIiAqCX4oUKsgU2EqAGzs2Ppkm4aQYbjm+ZEWEcW4SfFNTr4uMNZma0ey4f5lgLrkB0aX0QMow==",
					"requires": {
						"has-flag": "^3.0.0"
					}
				}
			}
		},
		"color-convert": {
			"version": "1.9.3",
			"resolved": "https://registry.npmjs.org/color-convert/-/color-convert-1.9.3.tgz",
			"integrity": "sha512-QfAUtd+vFdAtFQcC8CCyYt1fYWxSqAiK2cSD6zDB8N3cpsEBAvRxp9zOGg6G/SHHJYAT88/az/IuDGALsNVbGg==",
			"requires": {
				"color-name": "1.1.3"
			}
		},
		"color-name": {
			"version": "1.1.3",
			"resolved": "https://registry.npmjs.org/color-name/-/color-name-1.1.3.tgz",
			"integrity": "sha1-p9BVi9icQveV3UIyj3QIMcpTvCU="
		},
		"consolidate": {
			"version": "0.15.1",
			"resolved": "https://registry.npmjs.org/consolidate/-/consolidate-0.15.1.tgz",
			"integrity": "sha512-DW46nrsMJgy9kqAbPt5rKaCr7uFtpo4mSUvLHIUbJEjm0vo+aY5QLwBUq3FK4tRnJr/X0Psc0C4jf/h+HtXSMw==",
			"requires": {
				"bluebird": "^3.1.1"
			}
		},
		"cssesc": {
			"version": "2.0.0",
			"resolved": "https://registry.npmjs.org/cssesc/-/cssesc-2.0.0.tgz",
			"integrity": "sha512-MsCAG1z9lPdoO/IUMLSBWBSVxVtJ1395VGIQ+Fc2gNdkQ1hNDnQdw3YhA71WJCBW1vdwA0cAnk/DnW6bqoEUYg=="
		},
		"de-indent": {
			"version": "1.0.2",
			"resolved": "https://registry.npmjs.org/de-indent/-/de-indent-1.0.2.tgz",
			"integrity": "sha1-sgOOhG3DO6pXlhKNCAS0VbjB4h0="
		},
		"escape-string-regexp": {
			"version": "1.0.5",
			"resolved": "https://registry.npmjs.org/escape-string-regexp/-/escape-string-regexp-1.0.5.tgz",
			"integrity": "sha1-G2HAViGQqN/2rjuyzwIAyhMLhtQ="
		},
		"has-flag": {
			"version": "3.0.0",
			"resolved": "https://registry.npmjs.org/has-flag/-/has-flag-3.0.0.tgz",
			"integrity": "sha1-tdRU3CGZriJWmfNGfloH87lVuv0="
		},
		"hash-sum": {
			"version": "1.0.2",
			"resolved": "https://registry.npmjs.org/hash-sum/-/hash-sum-1.0.2.tgz",
			"integrity": "sha1-M7QHd3VMZDJXPBIMw4CLvRDUfwQ="
		},
		"he": {
			"version": "1.2.0",
			"resolved": "https://registry.npmjs.org/he/-/he-1.2.0.tgz",
			"integrity": "sha512-F/1DnUGPopORZi0ni+CvrCgHQ5FyEAHRLSApuYWMmrbSwoN2Mn/7k+Gl38gJnR7yyDZk6WLXwiGod1JOWNDKGw=="
		},
		"indexes-of": {
			"version": "1.0.1",
			"resolved": "https://registry.npmjs.org/indexes-of/-/indexes-of-1.0.1.tgz",
			"integrity": "sha1-8w9xbI4r00bHtn0985FVZqfAVgc="
		},
		"lru-cache": {
			"version": "4.1.5",
			"resolved": "https://registry.npmjs.org/lru-cache/-/lru-cache-4.1.5.tgz",
			"integrity": "sha512-sWZlbEP2OsHNkXrMl5GYk/jKk70MBng6UU4YI/qGDYbgf6YbP4EvmqISbXCoJiRKs+1bSpFHVgQxvJ17F2li5g==",
			"requires": {
				"pseudomap": "^1.0.2",
				"yallist": "^2.1.2"
			}
		},
		"merge-source-map": {
			"version": "1.1.0",
			"resolved": "https://registry.npmjs.org/merge-source-map/-/merge-source-map-1.1.0.tgz",
			"integrity": "sha512-Qkcp7P2ygktpMPh2mCQZaf3jhN6D3Z/qVZHSdWvQ+2Ef5HgRAPBO57A77+ENm0CPx2+1Ce/MYKi3ymqdfuqibw==",
			"requires": {
				"source-map": "^0.6.1"
			}
		},
		"postcss": {
			"version": "7.0.18",
			"resolved": "https://registry.npmjs.org/postcss/-/postcss-7.0.18.tgz",
			"integrity": "sha512-/7g1QXXgegpF+9GJj4iN7ChGF40sYuGYJ8WZu8DZWnmhQ/G36hfdk3q9LBJmoK+lZ+yzZ5KYpOoxq7LF1BxE8g==",
			"requires": {
				"chalk": "^2.4.2",
				"source-map": "^0.6.1",
				"supports-color": "^6.1.0"
			}
		},
		"postcss-selector-parser": {
			"version": "5.0.0",
			"resolved": "https://registry.npmjs.org/postcss-selector-parser/-/postcss-selector-parser-5.0.0.tgz",
			"integrity": "sha512-w+zLE5Jhg6Liz8+rQOWEAwtwkyqpfnmsinXjXg6cY7YIONZZtgvE0v2O0uhQBs0peNomOJwWRKt6JBfTdTd3OQ==",
			"requires": {
				"cssesc": "^2.0.0",
				"indexes-of": "^1.0.1",
				"uniq": "^1.0.1"
			}
		},
		"prettier": {
			"version": "1.16.3",
			"resolved": "https://registry.npmjs.org/prettier/-/prettier-1.16.3.tgz",
			"integrity": "sha512-kn/GU6SMRYPxUakNXhpP0EedT/KmaPzr0H5lIsDogrykbaxOpOfAFfk5XA7DZrJyMAv1wlMV3CPcZruGXVVUZw=="
		},
		"pseudomap": {
			"version": "1.0.2",
			"resolved": "https://registry.npmjs.org/pseudomap/-/pseudomap-1.0.2.tgz",
			"integrity": "sha1-8FKijacOYYkX7wqKw0wa5aaChrM="
		},
		"source-map": {
			"version": "0.6.1",
			"resolved": "https://registry.npmjs.org/source-map/-/source-map-0.6.1.tgz",
			"integrity": "sha512-UjgapumWlbMhkBgzT7Ykc5YXUT46F0iKu8SGXq0bcwP5dz/h0Plj6enJqjz1Zbq2l5WaqYnrVbwWOWMyF3F47g=="
		},
		"supports-color": {
			"version": "6.1.0",
			"resolved": "https://registry.npmjs.org/supports-color/-/supports-color-6.1.0.tgz",
			"integrity": "sha512-qe1jfm1Mg7Nq/NSh6XE24gPXROEVsWHxC1LIx//XNlD9iw7YZQGjZNjYN7xGaEG6iKdA8EtNFW6R0gjnVXp+wQ==",
			"requires": {
				"has-flag": "^3.0.0"
			}
		},
		"typescript": {
			"version": "3.7.0-dev.20191009",
			"resolved": "https://registry.npmjs.org/typescript/-/typescript-3.7.0-dev.20191009.tgz",
			"integrity": "sha512-Vk/wZedTpVd3QAhr3mG1+sbUHcpJ1wfw49Wo1NCQvzMa0vHCJeocEwWzaV2yWprsuuFv4+e8tjCj1Vnme2CMHg==",
			"dev": true
		},
		"uniq": {
			"version": "1.0.1",
			"resolved": "https://registry.npmjs.org/uniq/-/uniq-1.0.1.tgz",
			"integrity": "sha1-sxxa6CVIRKOoKBVBzisEuGWnNP8="
		},
		"vue-template-compiler": {
			"version": "2.6.10",
			"resolved": "https://registry.npmjs.org/vue-template-compiler/-/vue-template-compiler-2.6.10.tgz",
			"integrity": "sha512-jVZkw4/I/HT5ZMvRnhv78okGusqe0+qH2A0Em0Cp8aq78+NK9TII263CDVz2QXZsIT+yyV/gZc/j/vlwa+Epyg==",
			"requires": {
				"de-indent": "^1.0.2",
				"he": "^1.1.0"
			}
		},
		"vue-template-es2015-compiler": {
			"version": "1.9.1",
			"resolved": "https://registry.npmjs.org/vue-template-es2015-compiler/-/vue-template-es2015-compiler-1.9.1.tgz",
			"integrity": "sha512-4gDntzrifFnCEvyoO8PqyJDmguXgVPxKiIxrBKjIowvL9l+N66196+72XVYR8BBf1Uv1Fgt3bGevJ+sEmxfZzw=="
		},
		"yallist": {
			"version": "2.1.2",
			"resolved": "https://registry.npmjs.org/yallist/-/yallist-2.1.2.tgz",
			"integrity": "sha1-HBH5IY8HYImkfdUS+TxmmaaoHVI="
		}
	}
}
