{
	"name": "client",
	"version": "1.0.0",
	"lockfileVersion": 1,
	"requires": true,
	"dependencies": {
		"@rollup/plugin-commonjs": {
			"version": "11.0.1",
			"resolved": "https://registry.npmjs.org/@rollup/plugin-commonjs/-/plugin-commonjs-11.0.1.tgz",
			"integrity": "sha512-SaVUoaLDg3KnIXC5IBNIspr1APTYDzk05VaYcI6qz+0XX3ZlSCwAkfAhNSOxfd5GAdcm/63Noi4TowOY9MpcDg==",
			"dev": true,
			"requires": {
				"@rollup/pluginutils": "^3.0.0",
				"estree-walker": "^0.6.1",
				"is-reference": "^1.1.2",
				"magic-string": "^0.25.2",
				"resolve": "^1.11.0"
			}
		},
		"@rollup/plugin-node-resolve": {
			"version": "7.0.0",
			"resolved": "https://registry.npmjs.org/@rollup/plugin-node-resolve/-/plugin-node-resolve-7.0.0.tgz",
			"integrity": "sha512-+vOx2+WMBMFotYKM3yYeDGZxIvcQ7yO4g+SuKDFsjKaq8Lw3EPgfB6qNlp8Z/3ceDCEhHvC9/b+PgBGwDQGbzQ==",
			"dev": true,
			"requires": {
				"@rollup/pluginutils": "^3.0.0",
				"@types/resolve": "0.0.8",
				"builtin-modules": "^3.1.0",
				"is-module": "^1.0.0",
				"resolve": "^1.11.1"
			}
		},
		"@rollup/plugin-replace": {
			"version": "2.3.0",
			"resolved": "https://registry.npmjs.org/@rollup/plugin-replace/-/plugin-replace-2.3.0.tgz",
			"integrity": "sha512-rzWAMqXAHC1w3eKpK6LxRqiF4f3qVFaa1sGii6Bp3rluKcwHNOpPt+hWRCmAH6SDEPtbPiLFf0pfNQyHs6Btlg==",
			"dev": true,
			"requires": {
				"magic-string": "^0.25.2",
				"rollup-pluginutils": "^2.6.0"
			}
		},
		"@rollup/pluginutils": {
			"version": "3.0.4",
			"resolved": "https://registry.npmjs.org/@rollup/pluginutils/-/pluginutils-3.0.4.tgz",
			"integrity": "sha512-buc0oeq2zqQu2mpMyvZgAaQvitikYjT/4JYhA4EXwxX8/g0ZGHoGiX+0AwmfhrNqH4oJv67gn80sTZFQ/jL1bw==",
			"dev": true,
			"requires": {
				"estree-walker": "^0.6.1"
			}
		},
		"@types/node": {
			"version": "13.1.2",
			"resolved": "https://registry.npmjs.org/@types/node/-/node-13.1.2.tgz",
			"integrity": "sha512-B8emQA1qeKerqd1dmIsQYnXi+mmAzTB7flExjmy5X1aVAKFNNNDubkavwR13kR6JnpeLp3aLoJhwn9trWPAyFQ==",
			"dev": true
		},
		"@types/resolve": {
			"version": "0.0.8",
			"resolved": "https://registry.npmjs.org/@types/resolve/-/resolve-0.0.8.tgz",
			"integrity": "sha512-auApPaJf3NPfe18hSoJkp8EbZzer2ISk7o8mCC3M9he/a04+gbMF97NkpD2S8riMGvm4BMRI59/SZQSaLTKpsQ==",
			"dev": true,
			"requires": {
				"@types/node": "*"
			}
		},
		"@types/vscode": {
			"version": "1.41.0",
			"resolved": "https://registry.npmjs.org/@types/vscode/-/vscode-1.41.0.tgz",
			"integrity": "sha512-7SfeY5u9jgiELwxyLB3z7l6l/GbN9CqpCQGkcRlB7tKRFBxzbz2PoBfGrLxI1vRfUCIq5+hg5vtDHExwq5j3+A==",
			"dev": true
		},
		"@vue/compiler-core": {
			"version": "3.0.0-alpha.2",
			"resolved": "https://registry.npmjs.org/@vue/compiler-core/-/compiler-core-3.0.0-alpha.2.tgz",
			"integrity": "sha512-BJAnc5NKl69Hs7X+W+i0mvu/FksgLvN4tIuXlPAmOKI1bBROTontNtqL6Dq+mZ3yu+eeIw8pM6s0gminDnCojg==",
			"requires": {
				"acorn": "^7.1.0",
				"estree-walker": "^0.8.1",
				"source-map": "^0.6.1"
			},
			"dependencies": {
				"estree-walker": {
					"version": "0.8.1",
					"resolved": "https://registry.npmjs.org/estree-walker/-/estree-walker-0.8.1.tgz",
					"integrity": "sha512-H6cJORkqvrNziu0KX2hqOMAlA2CiuAxHeGJXSIoKA/KLv229Dw806J3II6mKTm5xiDX1At1EXCfsOQPB+tMB+g=="
				}
			}
		},
		"@vue/compiler-dom": {
			"version": "3.0.0-alpha.2",
			"resolved": "https://registry.npmjs.org/@vue/compiler-dom/-/compiler-dom-3.0.0-alpha.2.tgz",
			"integrity": "sha512-BeKtdWi253njQy2SxvNH8iNdtnBctUIbjRbEOXC/2KDOPo6lwrgHNWjHxS43kX0aBM6qJa11w+jzfcCcpQ4yVQ==",
			"requires": {
				"@vue/compiler-core": "3.0.0-alpha.2"
			}
		},
		"@vue/reactivity": {
			"version": "3.0.0-alpha.2",
			"resolved": "https://registry.npmjs.org/@vue/reactivity/-/reactivity-3.0.0-alpha.2.tgz",
			"integrity": "sha512-uUQmNHR2mc2XPwY9stm0WuYCzZ0JEiAdtMNNFbdiIrgbbpFY5EYQEebXojmw4f13AhErUasB9dPPqBPxyGft3A=="
		},
		"@vue/runtime-core": {
			"version": "3.0.0-alpha.2",
			"resolved": "https://registry.npmjs.org/@vue/runtime-core/-/runtime-core-3.0.0-alpha.2.tgz",
			"integrity": "sha512-wyzZ69B4fO6pawN7Z/thLnWOwhymJ8eE45mO8VGjRWi91RbC70X+tDrjUhsVQBTDJy9C9YkimBtDhBAy/cREIw==",
			"requires": {
				"@vue/reactivity": "3.0.0-alpha.2"
			}
		},
		"@vue/runtime-dom": {
			"version": "3.0.0-alpha.2",
			"resolved": "https://registry.npmjs.org/@vue/runtime-dom/-/runtime-dom-3.0.0-alpha.2.tgz",
			"integrity": "sha512-YQexi68NcGH0miaSDVZ7TlMIjO/m8tlOKKw+2ze4TeEyHAb5cXq/pfeqs6JvnLKvZ53ThtG18Uuku4pDmt8bWw==",
			"requires": {
				"@vue/runtime-core": "3.0.0-alpha.2",
				"csstype": "^2.6.8"
			}
		},
		"acorn": {
			"version": "7.1.0",
			"resolved": "https://registry.npmjs.org/acorn/-/acorn-7.1.0.tgz",
			"integrity": "sha512-kL5CuoXA/dgxlBbVrflsflzQ3PAas7RYZB52NOm/6839iVYJgKMJ3cQJD+t2i5+qFa8h3MDpEOJiS64E8JLnSQ=="
		},
		"builtin-modules": {
			"version": "3.1.0",
			"resolved": "https://registry.npmjs.org/builtin-modules/-/builtin-modules-3.1.0.tgz",
			"integrity": "sha512-k0KL0aWZuBt2lrxrcASWDfwOLMnodeQjodT/1SxEQAXsHANgo6ZC/VEaSEHCXt7aSTZ4/4H5LKa+tBXmW7Vtvw==",
			"dev": true
		},
		"commondir": {
			"version": "1.0.1",
			"resolved": "https://registry.npmjs.org/commondir/-/commondir-1.0.1.tgz",
			"integrity": "sha1-3dgA2gxmEnOTzKWVDqloo6rxJTs=",
			"dev": true
		},
		"csstype": {
			"version": "2.6.8",
			"resolved": "https://registry.npmjs.org/csstype/-/csstype-2.6.8.tgz",
			"integrity": "sha512-msVS9qTuMT5zwAGCVm4mxfrZ18BNc6Csd0oJAtiFMZ1FAx1CCvy2+5MDmYoix63LM/6NDbNtodCiGYGmFgO0dA=="
		},
		"estree-walker": {
			"version": "0.6.1",
			"resolved": "https://registry.npmjs.org/estree-walker/-/estree-walker-0.6.1.tgz",
			"integrity": "sha512-SqmZANLWS0mnatqbSfRP5g8OXZC12Fgg1IwNtLsyHDzJizORW4khDfjPqJZsemPWBB2uqykUah5YpQ6epsqC/w==",
			"dev": true
		},
		"find-cache-dir": {
			"version": "3.2.0",
			"resolved": "https://registry.npmjs.org/find-cache-dir/-/find-cache-dir-3.2.0.tgz",
			"integrity": "sha512-1JKclkYYsf1q9WIJKLZa9S9muC+08RIjzAlLrK4QcYLJMS6mk9yombQ9qf+zJ7H9LS800k0s44L4sDq9VYzqyg==",
			"dev": true,
			"requires": {
				"commondir": "^1.0.1",
				"make-dir": "^3.0.0",
				"pkg-dir": "^4.1.0"
			}
		},
		"find-up": {
			"version": "4.1.0",
			"resolved": "https://registry.npmjs.org/find-up/-/find-up-4.1.0.tgz",
			"integrity": "sha512-PpOwAdQ/YlXQ2vj8a3h8IipDuYRi3wceVQQGYWxNINccq40Anw7BlsEXCMbt1Zt+OLA6Fq9suIpIWD0OsnISlw==",
			"dev": true,
			"requires": {
				"locate-path": "^5.0.0",
				"path-exists": "^4.0.0"
			}
		},
		"fs-extra": {
			"version": "8.1.0",
			"resolved": "https://registry.npmjs.org/fs-extra/-/fs-extra-8.1.0.tgz",
			"integrity": "sha512-yhlQgA6mnOJUKOsRUFsgJdQCvkKhcz8tlZG5HBQfReYZy46OwLcY+Zia0mtdHsOo9y/hP+CxMN0TU9QxoOtG4g==",
			"dev": true,
			"requires": {
				"graceful-fs": "^4.2.0",
				"jsonfile": "^4.0.0",
				"universalify": "^0.1.0"
			}
		},
		"graceful-fs": {
			"version": "4.2.3",
			"resolved": "https://registry.npmjs.org/graceful-fs/-/graceful-fs-4.2.3.tgz",
			"integrity": "sha512-a30VEBm4PEdx1dRB7MFK7BejejvCvBronbLjht+sHuGYj8PHs7M/5Z+rt5lw551vZ7yfTCj4Vuyy3mSJytDWRQ==",
			"dev": true
		},
		"is-module": {
			"version": "1.0.0",
			"resolved": "https://registry.npmjs.org/is-module/-/is-module-1.0.0.tgz",
			"integrity": "sha1-Mlj7afeMFNW4FdZkM2tM/7ZEFZE=",
			"dev": true
		},
		"is-reference": {
			"version": "1.1.4",
			"resolved": "https://registry.npmjs.org/is-reference/-/is-reference-1.1.4.tgz",
			"integrity": "sha512-uJA/CDPO3Tao3GTrxYn6AwkM4nUPJiGGYu5+cB8qbC7WGFlrKZbiRo7SFKxUAEpFUfiHofWCXBUNhvYJMh+6zw==",
			"dev": true,
			"requires": {
				"@types/estree": "0.0.39"
			},
			"dependencies": {
				"@types/estree": {
					"version": "0.0.39",
					"resolved": "https://registry.npmjs.org/@types/estree/-/estree-0.0.39.tgz",
					"integrity": "sha512-EYNwp3bU+98cpU4lAWYYL7Zz+2gryWH1qbdDTidVd6hkiR6weksdbMadyXKXNPEkQFhXM+hVO9ZygomHXp+AIw==",
					"dev": true
				}
			}
		},
		"jsonfile": {
			"version": "4.0.0",
			"resolved": "https://registry.npmjs.org/jsonfile/-/jsonfile-4.0.0.tgz",
			"integrity": "sha1-h3Gq4HmbZAdrdmQPygWPnBDjPss=",
			"dev": true,
			"requires": {
				"graceful-fs": "^4.1.6"
			}
		},
		"locate-path": {
			"version": "5.0.0",
			"resolved": "https://registry.npmjs.org/locate-path/-/locate-path-5.0.0.tgz",
			"integrity": "sha512-t7hw9pI+WvuwNJXwk5zVHpyhIqzg2qTlklJOf0mVxGSbe3Fp2VieZcduNYjaLDoy6p9uGpQEGWG87WpMKlNq8g==",
			"dev": true,
			"requires": {
				"p-locate": "^4.1.0"
			}
		},
		"magic-string": {
			"version": "0.25.4",
			"resolved": "https://registry.npmjs.org/magic-string/-/magic-string-0.25.4.tgz",
			"integrity": "sha512-oycWO9nEVAP2RVPbIoDoA4Y7LFIJ3xRYov93gAyJhZkET1tNuB0u7uWkZS2LpBWTJUWnmau/To8ECWRC+jKNfw==",
			"dev": true,
			"requires": {
				"sourcemap-codec": "^1.4.4"
			}
		},
		"make-dir": {
			"version": "3.0.0",
			"resolved": "https://registry.npmjs.org/make-dir/-/make-dir-3.0.0.tgz",
			"integrity": "sha512-grNJDhb8b1Jm1qeqW5R/O63wUo4UXo2v2HMic6YT9i/HBlF93S8jkMgH7yugvY9ABDShH4VZMn8I+U8+fCNegw==",
			"dev": true,
			"requires": {
				"semver": "^6.0.0"
			}
		},
		"p-limit": {
			"version": "2.2.1",
			"resolved": "https://registry.npmjs.org/p-limit/-/p-limit-2.2.1.tgz",
			"integrity": "sha512-85Tk+90UCVWvbDavCLKPOLC9vvY8OwEX/RtKF+/1OADJMVlFfEHOiMTPVyxg7mk/dKa+ipdHm0OUkTvCpMTuwg==",
			"dev": true,
			"requires": {
				"p-try": "^2.0.0"
			}
		},
		"p-locate": {
			"version": "4.1.0",
			"resolved": "https://registry.npmjs.org/p-locate/-/p-locate-4.1.0.tgz",
			"integrity": "sha512-R79ZZ/0wAxKGu3oYMlz8jy/kbhsNrS7SKZ7PxEHBgJ5+F2mtFW2fK2cOtBh1cHYkQsbzFV7I+EoRKe6Yt0oK7A==",
			"dev": true,
			"requires": {
				"p-limit": "^2.2.0"
			}
		},
		"p-try": {
			"version": "2.2.0",
			"resolved": "https://registry.npmjs.org/p-try/-/p-try-2.2.0.tgz",
			"integrity": "sha512-R4nPAVTAU0B9D35/Gk3uJf/7XYbQcyohSKdvAxIRSNghFl4e71hVoGnBNQz9cWaXxO2I10KTC+3jMdvvoKw6dQ==",
			"dev": true
		},
		"path-exists": {
			"version": "4.0.0",
			"resolved": "https://registry.npmjs.org/path-exists/-/path-exists-4.0.0.tgz",
			"integrity": "sha512-ak9Qy5Q7jYb2Wwcey5Fpvg2KoAc/ZIhLSLOSBmRmygPsGwkVVt0fZa0qrtMz+m6tJTAHfZQ8FnmB4MG4LWy7/w==",
			"dev": true
		},
		"path-parse": {
			"version": "1.0.6",
			"resolved": "https://registry.npmjs.org/path-parse/-/path-parse-1.0.6.tgz",
			"integrity": "sha512-GSmOT2EbHrINBf9SR7CDELwlJ8AENk3Qn7OikK4nFYAu3Ote2+JYNVvkpAEQm3/TLNEJFD/xZJjzyxg3KBWOzw==",
			"dev": true
		},
		"pkg-dir": {
			"version": "4.2.0",
			"resolved": "https://registry.npmjs.org/pkg-dir/-/pkg-dir-4.2.0.tgz",
			"integrity": "sha512-HRDzbaKjC+AOWVXxAU/x54COGeIv9eb+6CkDSQoNTt4XyWoIJvuPsXizxu/Fr23EiekbtZwmh1IcIG/l/a10GQ==",
			"dev": true,
			"requires": {
				"find-up": "^4.0.0"
			}
		},
		"resolve": {
			"version": "1.14.1",
			"resolved": "https://registry.npmjs.org/resolve/-/resolve-1.14.1.tgz",
			"integrity": "sha512-fn5Wobh4cxbLzuHaE+nphztHy43/b++4M6SsGFC2gB8uYwf0C8LcarfCz1un7UTW8OFQg9iNjZ4xpcFVGebDPg==",
			"dev": true,
			"requires": {
				"path-parse": "^1.0.6"
			}
		},
		"rollup-plugin-typescript2": {
			"version": "0.25.3",
			"resolved": "https://registry.npmjs.org/rollup-plugin-typescript2/-/rollup-plugin-typescript2-0.25.3.tgz",
			"integrity": "sha512-ADkSaidKBovJmf5VBnZBZe+WzaZwofuvYdzGAKTN/J4hN7QJCFYAq7IrH9caxlru6T5qhX41PNFS1S4HqhsGQg==",
			"dev": true,
			"requires": {
				"find-cache-dir": "^3.0.0",
				"fs-extra": "8.1.0",
				"resolve": "1.12.0",
				"rollup-pluginutils": "2.8.1",
				"tslib": "1.10.0"
			},
			"dependencies": {
				"resolve": {
					"version": "1.12.0",
					"resolved": "https://registry.npmjs.org/resolve/-/resolve-1.12.0.tgz",
					"integrity": "sha512-B/dOmuoAik5bKcD6s6nXDCjzUKnaDvdkRyAk6rsmsKLipWj4797iothd7jmmUhWTfinVMU+wc56rYKsit2Qy4w==",
					"dev": true,
					"requires": {
						"path-parse": "^1.0.6"
					}
				},
				"rollup-pluginutils": {
					"version": "2.8.1",
					"resolved": "https://registry.npmjs.org/rollup-pluginutils/-/rollup-pluginutils-2.8.1.tgz",
					"integrity": "sha512-J5oAoysWar6GuZo0s+3bZ6sVZAC0pfqKz68De7ZgDi5z63jOVZn1uJL/+z1jeKHNbGII8kAyHF5q8LnxSX5lQg==",
					"dev": true,
					"requires": {
						"estree-walker": "^0.6.1"
					}
				}
			}
		},
		"rollup-pluginutils": {
			"version": "2.8.2",
			"resolved": "https://registry.npmjs.org/rollup-pluginutils/-/rollup-pluginutils-2.8.2.tgz",
			"integrity": "sha512-EEp9NhnUkwY8aif6bxgovPHMoMoNr2FulJziTndpt5H9RdwC47GSGuII9XxpSdzVGM0GWrNPHV6ie1LTNJPaLQ==",
			"dev": true,
			"requires": {
				"estree-walker": "^0.6.1"
			}
		},
		"semver": {
			"version": "6.3.0",
			"resolved": "https://registry.npmjs.org/semver/-/semver-6.3.0.tgz",
			"integrity": "sha512-b39TBaTSfV6yBrapU89p5fKekE2m/NwnDocOVruQFS1/veMgdzuPcnOM34M6CwxW8jH/lxEa5rBoDeUwu5HHTw==",
			"dev": true
		},
		"source-map": {
			"version": "0.6.1",
			"resolved": "https://registry.npmjs.org/source-map/-/source-map-0.6.1.tgz",
			"integrity": "sha512-UjgapumWlbMhkBgzT7Ykc5YXUT46F0iKu8SGXq0bcwP5dz/h0Plj6enJqjz1Zbq2l5WaqYnrVbwWOWMyF3F47g=="
		},
		"sourcemap-codec": {
			"version": "1.4.6",
			"resolved": "https://registry.npmjs.org/sourcemap-codec/-/sourcemap-codec-1.4.6.tgz",
			"integrity": "sha512-1ZooVLYFxC448piVLBbtOxFcXwnymH9oUF8nRd3CuYDVvkRBxRl6pB4Mtas5a4drtL+E8LDgFkQNcgIw6tc8Hg==",
			"dev": true
		},
		"tslib": {
			"version": "1.10.0",
			"resolved": "https://registry.npmjs.org/tslib/-/tslib-1.10.0.tgz",
			"integrity": "sha512-qOebF53frne81cf0S9B41ByenJ3/IuH8yJKngAX35CmiZySA0khhkovshKK+jGCaMnVomla7gVlIcc3EvKPbTQ==",
			"dev": true
		},
		"typescript": {
			"version": "3.7.4",
			"resolved": "https://registry.npmjs.org/typescript/-/typescript-3.7.4.tgz",
			"integrity": "sha512-A25xv5XCtarLwXpcDNZzCGvW2D1S3/bACratYBx2sax8PefsFhlYmkQicKHvpYflFS8if4zne5zT5kpJ7pzuvw==",
			"dev": true
		},
		"universalify": {
			"version": "0.1.2",
			"resolved": "https://registry.npmjs.org/universalify/-/universalify-0.1.2.tgz",
			"integrity": "sha512-rBJeI5CXAlmy1pV+617WB9J63U6XcazHHF2f2dbJix4XzpUF0RS3Zbj0FGIOCAva5P/d/GBOYaACQ1w+0azUkg==",
			"dev": true
		},
		"vue": {
			"version": "3.0.0-alpha.2",
			"resolved": "https://registry.npmjs.org/vue/-/vue-3.0.0-alpha.2.tgz",
			"integrity": "sha512-juu9wygL/NwSTU/ZvsvSoBIoK740MbQLp90nPgCSp8VDxfaDvF8V21SqUbNLrPHy4lLydkiX+OxdH0hrnC8MzQ==",
			"requires": {
				"@vue/compiler-dom": "3.0.0-alpha.2",
				"@vue/runtime-dom": "3.0.0-alpha.2"
			}
		},
		"vue-hot-reload-api": {
			"version": "2.3.4",
			"resolved": "https://registry.npmjs.org/vue-hot-reload-api/-/vue-hot-reload-api-2.3.4.tgz",
			"integrity": "sha512-BXq3jwIagosjgNVae6tkHzzIk6a8MHFtzAdwhnV5VlvPTFxDCvIttgSiHWjdGoTJvXtmRu5HacExfdarRcFhog=="
		}
	}
}
